// !$*UTF8*$!
{
	archiveVersion = 1;
	classes = {
	};
	objectVersion = 50;
	objects = {

/* Begin PBXBuildFile section */
		09BFF6F52088DD8F000CAC87 /* AppDelegate.swift in Sources */ = {isa = PBXBuildFile; fileRef = 09BFF6F42088DD8F000CAC87 /* AppDelegate.swift */; };
		09BFF6F72088DD8F000CAC87 /* ViewController.swift in Sources */ = {isa = PBXBuildFile; fileRef = 09BFF6F62088DD8F000CAC87 /* ViewController.swift */; };
		09BFF6FA2088DD8F000CAC87 /* Main.storyboard in Resources */ = {isa = PBXBuildFile; fileRef = 09BFF6F82088DD8F000CAC87 /* Main.storyboard */; };
		09BFF6FC2088DDB2000CAC87 /* Assets.xcassets in Resources */ = {isa = PBXBuildFile; fileRef = 09BFF6FB2088DDB2000CAC87 /* Assets.xcassets */; };
		09BFF6FF2088DDB2000CAC87 /* LaunchScreen.storyboard in Resources */ = {isa = PBXBuildFile; fileRef = 09BFF6FD2088DDB2000CAC87 /* LaunchScreen.storyboard */; };
		09BFF70A2088DDB2000CAC87 /* table_mealTests.swift in Sources */ = {isa = PBXBuildFile; fileRef = 09BFF7092088DDB2000CAC87 /* table_mealTests.swift */; };
		09BFF7152088DDB2000CAC87 /* table_mealUITests.swift in Sources */ = {isa = PBXBuildFile; fileRef = 09BFF7142088DDB2000CAC87 /* table_mealUITests.swift */; };
/* End PBXBuildFile section */

/* Begin PBXContainerItemProxy section */
		09BFF7062088DDB2000CAC87 /* PBXContainerItemProxy */ = {
			isa = PBXContainerItemProxy;
			containerPortal = 09BFF6E92088DD8C000CAC87 /* Project object */;
			proxyType = 1;
			remoteGlobalIDString = 09BFF6F02088DD8D000CAC87;
			remoteInfo = "table-meal";
		};
		09BFF7112088DDB2000CAC87 /* PBXContainerItemProxy */ = {
			isa = PBXContainerItemProxy;
			containerPortal = 09BFF6E92088DD8C000CAC87 /* Project object */;
			proxyType = 1;
			remoteGlobalIDString = 09BFF6F02088DD8D000CAC87;
			remoteInfo = "table-meal";
		};
/* End PBXContainerItemProxy section */

/* Begin PBXFileReference section */
		09BFF6F12088DD8D000CAC87 /* table-meal.app */ = {isa = PBXFileReference; explicitFileType = wrapper.application; includeInIndex = 0; path = "table-meal.app"; sourceTree = BUILT_PRODUCTS_DIR; };
		09BFF6F42088DD8F000CAC87 /* AppDelegate.swift */ = {isa = PBXFileReference; lastKnownFileType = sourcecode.swift; path = AppDelegate.swift; sourceTree = "<group>"; };
		09BFF6F62088DD8F000CAC87 /* ViewController.swift */ = {isa = PBXFileReference; lastKnownFileType = sourcecode.swift; path = ViewController.swift; sourceTree = "<group>"; };
		09BFF6F92088DD8F000CAC87 /* Base */ = {isa = PBXFileReference; lastKnownFileType = file.storyboard; name = Base; path = Base.lproj/Main.storyboard; sourceTree = "<group>"; };
		09BFF6FB2088DDB2000CAC87 /* Assets.xcassets */ = {isa = PBXFileReference; lastKnownFileType = folder.assetcatalog; path = Assets.xcassets; sourceTree = "<group>"; };
		09BFF6FE2088DDB2000CAC87 /* Base */ = {isa = PBXFileReference; lastKnownFileType = file.storyboard; name = Base; path = Base.lproj/LaunchScreen.storyboard; sourceTree = "<group>"; };
		09BFF7002088DDB2000CAC87 /* Info.plist */ = {isa = PBXFileReference; lastKnownFileType = text.plist.xml; path = Info.plist; sourceTree = "<group>"; };
		09BFF7052088DDB2000CAC87 /* table-mealTests.xctest */ = {isa = PBXFileReference; explicitFileType = wrapper.cfbundle; includeInIndex = 0; path = "table-mealTests.xctest"; sourceTree = BUILT_PRODUCTS_DIR; };
		09BFF7092088DDB2000CAC87 /* table_mealTests.swift */ = {isa = PBXFileReference; lastKnownFileType = sourcecode.swift; path = table_mealTests.swift; sourceTree = "<group>"; };
		09BFF70B2088DDB2000CAC87 /* Info.plist */ = {isa = PBXFileReference; lastKnownFileType = text.plist.xml; path = Info.plist; sourceTree = "<group>"; };
		09BFF7102088DDB2000CAC87 /* table-mealUITests.xctest */ = {isa = PBXFileReference; explicitFileType = wrapper.cfbundle; includeInIndex = 0; path = "table-mealUITests.xctest"; sourceTree = BUILT_PRODUCTS_DIR; };
		09BFF7142088DDB2000CAC87 /* table_mealUITests.swift */ = {isa = PBXFileReference; lastKnownFileType = sourcecode.swift; path = table_mealUITests.swift; sourceTree = "<group>"; };
		09BFF7162088DDB2000CAC87 /* Info.plist */ = {isa = PBXFileReference; lastKnownFileType = text.plist.xml; path = Info.plist; sourceTree = "<group>"; };
/* End PBXFileReference section */

/* Begin PBXFrameworksBuildPhase section */
		09BFF6EE2088DD8D000CAC87 /* Frameworks */ = {
			isa = PBXFrameworksBuildPhase;
			buildActionMask = 2147483647;
			files = (
			);
			runOnlyForDeploymentPostprocessing = 0;
		};
		09BFF7022088DDB2000CAC87 /* Frameworks */ = {
			isa = PBXFrameworksBuildPhase;
			buildActionMask = 2147483647;
			files = (
			);
			runOnlyForDeploymentPostprocessing = 0;
		};
		09BFF70D2088DDB2000CAC87 /* Frameworks */ = {
			isa = PBXFrameworksBuildPhase;
			buildActionMask = 2147483647;
			files = (
			);
			runOnlyForDeploymentPostprocessing = 0;
		};
/* End PBXFrameworksBuildPhase section */

/* Begin PBXGroup section */
		09BFF6E82088DD8C000CAC87 = {
			isa = PBXGroup;
			children = (
				09BFF6F32088DD8D000CAC87 /* table-meal */,
				09BFF7082088DDB2000CAC87 /* table-mealTests */,
				09BFF7132088DDB2000CAC87 /* table-mealUITests */,
				09BFF6F22088DD8D000CAC87 /* Products */,
			);
			sourceTree = "<group>";
		};
		09BFF6F22088DD8D000CAC87 /* Products */ = {
			isa = PBXGroup;
			children = (
				09BFF6F12088DD8D000CAC87 /* table-meal.app */,
				09BFF7052088DDB2000CAC87 /* table-mealTests.xctest */,
				09BFF7102088DDB2000CAC87 /* table-mealUITests.xctest */,
			);
			name = Products;
			sourceTree = "<group>";
		};
		09BFF6F32088DD8D000CAC87 /* table-meal */ = {
			isa = PBXGroup;
			children = (
				09BFF6F42088DD8F000CAC87 /* AppDelegate.swift */,
				09BFF6F62088DD8F000CAC87 /* ViewController.swift */,
				09BFF6F82088DD8F000CAC87 /* Main.storyboard */,
				09BFF6FB2088DDB2000CAC87 /* Assets.xcassets */,
				09BFF6FD2088DDB2000CAC87 /* LaunchScreen.storyboard */,
				09BFF7002088DDB2000CAC87 /* Info.plist */,
			);
			path = "table-meal";
			sourceTree = "<group>";
		};
		09BFF7082088DDB2000CAC87 /* table-mealTests */ = {
			isa = PBXGroup;
			children = (
				09BFF7092088DDB2000CAC87 /* table_mealTests.swift */,
				09BFF70B2088DDB2000CAC87 /* Info.plist */,
			);
			path = "table-mealTests";
			sourceTree = "<group>";
		};
		09BFF7132088DDB2000CAC87 /* table-mealUITests */ = {
			isa = PBXGroup;
			children = (
				09BFF7142088DDB2000CAC87 /* table_mealUITests.swift */,
				09BFF7162088DDB2000CAC87 /* Info.plist */,
			);
			path = "table-mealUITests";
			sourceTree = "<group>";
		};
/* End PBXGroup section */

/* Begin PBXNativeTarget section */
		09BFF6F02088DD8D000CAC87 /* table-meal */ = {
			isa = PBXNativeTarget;
			buildConfigurationList = 09BFF7192088DDB2000CAC87 /* Build configuration list for PBXNativeTarget "table-meal" */;
			buildPhases = (
				09BFF6ED2088DD8D000CAC87 /* Sources */,
				09BFF6EE2088DD8D000CAC87 /* Frameworks */,
				09BFF6EF2088DD8D000CAC87 /* Resources */,
			);
			buildRules = (
			);
			dependencies = (
			);
			name = "table-meal";
			productName = "table-meal";
			productReference = 09BFF6F12088DD8D000CAC87 /* table-meal.app */;
			productType = "com.apple.product-type.application";
		};
		09BFF7042088DDB2000CAC87 /* table-mealTests */ = {
			isa = PBXNativeTarget;
			buildConfigurationList = 09BFF71C2088DDB2000CAC87 /* Build configuration list for PBXNativeTarget "table-mealTests" */;
			buildPhases = (
				09BFF7012088DDB2000CAC87 /* Sources */,
				09BFF7022088DDB2000CAC87 /* Frameworks */,
				09BFF7032088DDB2000CAC87 /* Resources */,
			);
			buildRules = (
			);
			dependencies = (
				09BFF7072088DDB2000CAC87 /* PBXTargetDependency */,
			);
			name = "table-mealTests";
			productName = "table-mealTests";
			productReference = 09BFF7052088DDB2000CAC87 /* table-mealTests.xctest */;
			productType = "com.apple.product-type.bundle.unit-test";
		};
		09BFF70F2088DDB2000CAC87 /* table-mealUITests */ = {
			isa = PBXNativeTarget;
			buildConfigurationList = 09BFF71F2088DDB2000CAC87 /* Build configuration list for PBXNativeTarget "table-mealUITests" */;
			buildPhases = (
				09BFF70C2088DDB2000CAC87 /* Sources */,
				09BFF70D2088DDB2000CAC87 /* Frameworks */,
				09BFF70E2088DDB2000CAC87 /* Resources */,
			);
			buildRules = (
			);
			dependencies = (
				09BFF7122088DDB2000CAC87 /* PBXTargetDependency */,
			);
			name = "table-mealUITests";
			productName = "table-mealUITests";
			productReference = 09BFF7102088DDB2000CAC87 /* table-mealUITests.xctest */;
			productType = "com.apple.product-type.bundle.ui-testing";
		};
/* End PBXNativeTarget section */

/* Begin PBXProject section */
		09BFF6E92088DD8C000CAC87 /* Project object */ = {
			isa = PBXProject;
			attributes = {
				LastSwiftUpdateCheck = 0930;
				LastUpgradeCheck = 0930;
				ORGANIZATIONNAME = hst;
				TargetAttributes = {
					09BFF6F02088DD8D000CAC87 = {
						CreatedOnToolsVersion = 9.3;
					};
					09BFF7042088DDB2000CAC87 = {
						CreatedOnToolsVersion = 9.3;
						TestTargetID = 09BFF6F02088DD8D000CAC87;
					};
					09BFF70F2088DDB2000CAC87 = {
						CreatedOnToolsVersion = 9.3;
						TestTargetID = 09BFF6F02088DD8D000CAC87;
					};
				};
			};
			buildConfigurationList = 09BFF6EC2088DD8C000CAC87 /* Build configuration list for PBXProject "table-meal" */;
			compatibilityVersion = "Xcode 9.3";
			developmentRegion = en;
			hasScannedForEncodings = 0;
			knownRegions = (
				en,
				Base,
			);
			mainGroup = 09BFF6E82088DD8C000CAC87;
			productRefGroup = 09BFF6F22088DD8D000CAC87 /* Products */;
			projectDirPath = "";
			projectRoot = "";
			targets = (
				09BFF6F02088DD8D000CAC87 /* table-meal */,
				09BFF7042088DDB2000CAC87 /* table-mealTests */,
				09BFF70F2088DDB2000CAC87 /* table-mealUITests */,
			);
		};
/* End PBXProject section */

/* Begin PBXResourcesBuildPhase section */
		09BFF6EF2088DD8D000CAC87 /* Resources */ = {
			isa = PBXResourcesBuildPhase;
			buildActionMask = 2147483647;
			files = (
				09BFF6FF2088DDB2000CAC87 /* LaunchScreen.storyboard in Resources */,
				09BFF6FC2088DDB2000CAC87 /* Assets.xcassets in Resources */,
				09BFF6FA2088DD8F000CAC87 /* Main.storyboard in Resources */,
			);
			runOnlyForDeploymentPostprocessing = 0;
		};
		09BFF7032088DDB2000CAC87 /* Resources */ = {
			isa = PBXResourcesBuildPhase;
			buildActionMask = 2147483647;
			files = (
			);
			runOnlyForDeploymentPostprocessing = 0;
		};
		09BFF70E2088DDB2000CAC87 /* Resources */ = {
			isa = PBXResourcesBuildPhase;
			buildActionMask = 2147483647;
			files = (
			);
			runOnlyForDeploymentPostprocessing = 0;
		};
/* End PBXResourcesBuildPhase section */

/* Begin PBXSourcesBuildPhase section */
		09BFF6ED2088DD8D000CAC87 /* Sources */ = {
			isa = PBXSourcesBuildPhase;
			buildActionMask = 2147483647;
			files = (
				09BFF6F72088DD8F000CAC87 /* ViewController.swift in Sources */,
				09BFF6F52088DD8F000CAC87 /* AppDelegate.swift in Sources */,
			);
			runOnlyForDeploymentPostprocessing = 0;
		};
		09BFF7012088DDB2000CAC87 /* Sources */ = {
			isa = PBXSourcesBuildPhase;
			buildActionMask = 2147483647;
			files = (
				09BFF70A2088DDB2000CAC87 /* table_mealTests.swift in Sources */,
			);
			runOnlyForDeploymentPostprocessing = 0;
		};
		09BFF70C2088DDB2000CAC87 /* Sources */ = {
			isa = PBXSourcesBuildPhase;
			buildActionMask = 2147483647;
			files = (
				09BFF7152088DDB2000CAC87 /* table_mealUITests.swift in Sources */,
			);
			runOnlyForDeploymentPostprocessing = 0;
		};
/* End PBXSourcesBuildPhase section */

/* Begin PBXTargetDependency section */
		09BFF7072088DDB2000CAC87 /* PBXTargetDependency */ = {
			isa = PBXTargetDependency;
			target = 09BFF6F02088DD8D000CAC87 /* table-meal */;
			targetProxy = 09BFF7062088DDB2000CAC87 /* PBXContainerItemProxy */;
		};
		09BFF7122088DDB2000CAC87 /* PBXTargetDependency */ = {
			isa = PBXTargetDependency;
			target = 09BFF6F02088DD8D000CAC87 /* table-meal */;
			targetProxy = 09BFF7112088DDB2000CAC87 /* PBXContainerItemProxy */;
		};
/* End PBXTargetDependency section */

/* Begin PBXVariantGroup section */
		09BFF6F82088DD8F000CAC87 /* Main.storyboard */ = {
			isa = PBXVariantGroup;
			children = (
				09BFF6F92088DD8F000CAC87 /* Base */,
			);
			name = Main.storyboard;
			sourceTree = "<group>";
		};
		09BFF6FD2088DDB2000CAC87 /* LaunchScreen.storyboard */ = {
			isa = PBXVariantGroup;
			children = (
				09BFF6FE2088DDB2000CAC87 /* Base */,
			);
			name = LaunchScreen.storyboard;
			sourceTree = "<group>";
		};
/* End PBXVariantGroup section */

/* Begin XCBuildConfiguration section */
		09BFF7172088DDB2000CAC87 /* Debug */ = {
			isa = XCBuildConfiguration;
			buildSettings = {
				ALWAYS_SEARCH_USER_PATHS = NO;
				CLANG_ANALYZER_NONNULL = YES;
				CLANG_ANALYZER_NUMBER_OBJECT_CONVERSION = YES_AGGRESSIVE;
				CLANG_CXX_LANGUAGE_STANDARD = "gnu++14";
				CLANG_CXX_LIBRARY = "libc++";
				CLANG_ENABLE_MODULES = YES;
				CLANG_ENABLE_OBJC_ARC = YES;
				CLANG_ENABLE_OBJC_WEAK = YES;
				CLANG_WARN_BLOCK_CAPTURE_AUTORELEASING = YES;
				CLANG_WARN_BOOL_CONVERSION = YES;
				CLANG_WARN_COMMA = YES;
				CLANG_WARN_CONSTANT_CONVERSION = YES;
				CLANG_WARN_DEPRECATED_OBJC_IMPLEMENTATIONS = YES;
				CLANG_WARN_DIRECT_OBJC_ISA_USAGE = YES_ERROR;
				CLANG_WARN_DOCUMENTATION_COMMENTS = YES;
				CLANG_WARN_EMPTY_BODY = YES;
				CLANG_WARN_ENUM_CONVERSION = YES;
				CLANG_WARN_INFINITE_RECURSION = YES;
				CLANG_WARN_INT_CONVERSION = YES;
				CLANG_WARN_NON_LITERAL_NULL_CONVERSION = YES;
				CLANG_WARN_OBJC_IMPLICIT_RETAIN_SELF = YES;
				CLANG_WARN_OBJC_LITERAL_CONVERSION = YES;
				CLANG_WARN_OBJC_ROOT_CLASS = YES_ERROR;
				CLANG_WARN_RANGE_LOOP_ANALYSIS = YES;
				CLANG_WARN_STRICT_PROTOTYPES = YES;
				CLANG_WARN_SUSPICIOUS_MOVE = YES;
				CLANG_WARN_UNGUARDED_AVAILABILITY = YES_AGGRESSIVE;
				CLANG_WARN_UNREACHABLE_CODE = YES;
				CLANG_WARN__DUPLICATE_METHOD_MATCH = YES;
				CODE_SIGN_IDENTITY = "iPhone Developer";
				COPY_PHASE_STRIP = NO;
				DEBUG_INFORMATION_FORMAT = dwarf;
				ENABLE_STRICT_OBJC_MSGSEND = YES;
				ENABLE_TESTABILITY = YES;
				GCC_C_LANGUAGE_STANDARD = gnu11;
				GCC_DYNAMIC_NO_PIC = NO;
				GCC_NO_COMMON_BLOCKS = YES;
				GCC_OPTIMIZATION_LEVEL = 0;
				GCC_PREPROCESSOR_DEFINITIONS = (
					"DEBUG=1",
					"$(inherited)",
				);
				GCC_WARN_64_TO_32_BIT_CONVERSION = YES;
				GCC_WARN_ABOUT_RETURN_TYPE = YES_ERROR;
				GCC_WARN_UNDECLARED_SELECTOR = YES;
				GCC_WARN_UNINITIALIZED_AUTOS = YES_AGGRESSIVE;
				GCC_WARN_UNUSED_FUNCTION = YES;
				GCC_WARN_UNUSED_VARIABLE = YES;
				IPHONEOS_DEPLOYMENT_TARGET = 11.3;
				MTL_ENABLE_DEBUG_INFO = YES;
				ONLY_ACTIVE_ARCH = YES;
				SDKROOT = iphoneos;
				SWIFT_ACTIVE_COMPILATION_CONDITIONS = DEBUG;
				SWIFT_OPTIMIZATION_LEVEL = "-Onone";
			};
			name = Debug;
		};
		09BFF7182088DDB2000CAC87 /* Release */ = {
			isa = XCBuildConfiguration;
			buildSettings = {
				ALWAYS_SEARCH_USER_PATHS = NO;
				CLANG_ANALYZER_NONNULL = YES;
				CLANG_ANALYZER_NUMBER_OBJECT_CONVERSION = YES_AGGRESSIVE;
				CLANG_CXX_LANGUAGE_STANDARD = "gnu++14";
				CLANG_CXX_LIBRARY = "libc++";
				CLANG_ENABLE_MODULES = YES;
				CLANG_ENABLE_OBJC_ARC = YES;
				CLANG_ENABLE_OBJC_WEAK = YES;
				CLANG_WARN_BLOCK_CAPTURE_AUTORELEASING = YES;
				CLANG_WARN_BOOL_CONVERSION = YES;
				CLANG_WARN_COMMA = YES;
				CLANG_WARN_CONSTANT_CONVERSION = YES;
				CLANG_WARN_DEPRECATED_OBJC_IMPLEMENTATIONS = YES;
				CLANG_WARN_DIRECT_OBJC_ISA_USAGE = YES_ERROR;
				CLANG_WARN_DOCUMENTATION_COMMENTS = YES;
				CLANG_WARN_EMPTY_BODY = YES;
				CLANG_WARN_ENUM_CONVERSION = YES;
				CLANG_WARN_INFINITE_RECURSION = YES;
				CLANG_WARN_INT_CONVERSION = YES;
				CLANG_WARN_NON_LITERAL_NULL_CONVERSION = YES;
				CLANG_WARN_OBJC_IMPLICIT_RETAIN_SELF = YES;
				CLANG_WARN_OBJC_LITERAL_CONVERSION = YES;
				CLANG_WARN_OBJC_ROOT_CLASS = YES_ERROR;
				CLANG_WARN_RANGE_LOOP_ANALYSIS = YES;
				CLANG_WARN_STRICT_PROTOTYPES = YES;
				CLANG_WARN_SUSPICIOUS_MOVE = YES;
				CLANG_WARN_UNGUARDED_AVAILABILITY = YES_AGGRESSIVE;
				CLANG_WARN_UNREACHABLE_CODE = YES;
				CLANG_WARN__DUPLICATE_METHOD_MATCH = YES;
				CODE_SIGN_IDENTITY = "iPhone Developer";
				COPY_PHASE_STRIP = NO;
				DEBUG_INFORMATION_FORMAT = "dwarf-with-dsym";
				ENABLE_NS_ASSERTIONS = NO;
				ENABLE_STRICT_OBJC_MSGSEND = YES;
				GCC_C_LANGUAGE_STANDARD = gnu11;
				GCC_NO_COMMON_BLOCKS = YES;
				GCC_WARN_64_TO_32_BIT_CONVERSION = YES;
				GCC_WARN_ABOUT_RETURN_TYPE = YES_ERROR;
				GCC_WARN_UNDECLARED_SELECTOR = YES;
				GCC_WARN_UNINITIALIZED_AUTOS = YES_AGGRESSIVE;
				GCC_WARN_UNUSED_FUNCTION = YES;
				GCC_WARN_UNUSED_VARIABLE = YES;
				IPHONEOS_DEPLOYMENT_TARGET = 11.3;
				MTL_ENABLE_DEBUG_INFO = NO;
				SDKROOT = iphoneos;
				SWIFT_COMPILATION_MODE = wholemodule;
				SWIFT_OPTIMIZATION_LEVEL = "-O";
				VALIDATE_PRODUCT = YES;
			};
			name = Release;
		};
		09BFF71A2088DDB2000CAC87 /* Debug */ = {
			isa = XCBuildConfiguration;
			buildSettings = {
				ASSETCATALOG_COMPILER_APPICON_NAME = AppIcon;
				CODE_SIGN_STYLE = Automatic;
				INFOPLIST_FILE = "table-meal/Info.plist";
				LD_RUNPATH_SEARCH_PATHS = (
					"$(inherited)",
					"@executable_path/Frameworks",
				);
				PRODUCT_BUNDLE_IDENTIFIER = "br.com.hst.table-meal";
				PRODUCT_NAME = "$(TARGET_NAME)";
				SWIFT_VERSION = 4.0;
				TARGETED_DEVICE_FAMILY = "1,2";
			};
			name = Debug;
		};
		09BFF71B2088DDB2000CAC87 /* Release */ = {
			isa = XCBuildConfiguration;
			buildSettings = {
				ASSETCATALOG_COMPILER_APPICON_NAME = AppIcon;
				CODE_SIGN_STYLE = Automatic;
				INFOPLIST_FILE = "table-meal/Info.plist";
				LD_RUNPATH_SEARCH_PATHS = (
					"$(inherited)",
					"@executable_path/Frameworks",
				);
				PRODUCT_BUNDLE_IDENTIFIER = "br.com.hst.table-meal";
				PRODUCT_NAME = "$(TARGET_NAME)";
				SWIFT_VERSION = 4.0;
				TARGETED_DEVICE_FAMILY = "1,2";
			};
			name = Release;
		};
		09BFF71D2088DDB2000CAC87 /* Debug */ = {
			isa = XCBuildConfiguration;
			buildSettings = {
				ALWAYS_EMBED_SWIFT_STANDARD_LIBRARIES = YES;
				BUNDLE_LOADER = "$(TEST_HOST)";
				CODE_SIGN_STYLE = Automatic;
				INFOPLIST_FILE = "table-mealTests/Info.plist";
				LD_RUNPATH_SEARCH_PATHS = (
					"$(inherited)",
					"@executable_path/Frameworks",
					"@loader_path/Frameworks",
				);
				PRODUCT_BUNDLE_IDENTIFIER = "br.com.hst.table-mealTests";
				PRODUCT_NAME = "$(TARGET_NAME)";
				SWIFT_VERSION = 4.0;
				TARGETED_DEVICE_FAMILY = "1,2";
				TEST_HOST = "$(BUILT_PRODUCTS_DIR)/table-meal.app/table-meal";
			};
			name = Debug;
		};
		09BFF71E2088DDB2000CAC87 /* Release */ = {
			isa = XCBuildConfiguration;
			buildSettings = {
				ALWAYS_EMBED_SWIFT_STANDARD_LIBRARIES = YES;
				BUNDLE_LOADER = "$(TEST_HOST)";
				CODE_SIGN_STYLE = Automatic;
				INFOPLIST_FILE = "table-mealTests/Info.plist";
				LD_RUNPATH_SEARCH_PATHS = (
					"$(inherited)",
					"@executable_path/Frameworks",
					"@loader_path/Frameworks",
				);
				PRODUCT_BUNDLE_IDENTIFIER = "br.com.hst.table-mealTests";
				PRODUCT_NAME = "$(TARGET_NAME)";
				SWIFT_VERSION = 4.0;
				TARGETED_DEVICE_FAMILY = "1,2";
				TEST_HOST = "$(BUILT_PRODUCTS_DIR)/table-meal.app/table-meal";
			};
			name = Release;
		};
		09BFF7202088DDB2000CAC87 /* Debug */ = {
			isa = XCBuildConfiguration;
			buildSettings = {
				ALWAYS_EMBED_SWIFT_STANDARD_LIBRARIES = YES;
				CODE_SIGN_STYLE = Automatic;
				INFOPLIST_FILE = "table-mealUITests/Info.plist";
				LD_RUNPATH_SEARCH_PATHS = (
					"$(inherited)",
					"@executable_path/Frameworks",
					"@loader_path/Frameworks",
				);
				PRODUCT_BUNDLE_IDENTIFIER = "br.com.hst.table-mealUITests";
				PRODUCT_NAME = "$(TARGET_NAME)";
				SWIFT_VERSION = 4.0;
				TARGETED_DEVICE_FAMILY = "1,2";
				TEST_TARGET_NAME = "table-meal";
			};
			name = Debug;
		};
		09BFF7212088DDB2000CAC87 /* Release */ = {
			isa = XCBuildConfiguration;
			buildSettings = {
				ALWAYS_EMBED_SWIFT_STANDARD_LIBRARIES = YES;
				CODE_SIGN_STYLE = Automatic;
				INFOPLIST_FILE = "table-mealUITests/Info.plist";
				LD_RUNPATH_SEARCH_PATHS = (
					"$(inherited)",
					"@executable_path/Frameworks",
					"@loader_path/Frameworks",
				);
				PRODUCT_BUNDLE_IDENTIFIER = "br.com.hst.table-mealUITests";
				PRODUCT_NAME = "$(TARGET_NAME)";
				SWIFT_VERSION = 4.0;
				TARGETED_DEVICE_FAMILY = "1,2";
				TEST_TARGET_NAME = "table-meal";
			};
			name = Release;
		};
/* End XCBuildConfiguration section */

/* Begin XCConfigurationList section */
		09BFF6EC2088DD8C000CAC87 /* Build configuration list for PBXProject "table-meal" */ = {
			isa = XCConfigurationList;
			buildConfigurations = (
				09BFF7172088DDB2000CAC87 /* Debug */,
				09BFF7182088DDB2000CAC87 /* Release */,
			);
			defaultConfigurationIsVisible = 0;
			defaultConfigurationName = Release;
		};
		09BFF7192088DDB2000CAC87 /* Build configuration list for PBXNativeTarget "table-meal" */ = {
			isa = XCConfigurationList;
			buildConfigurations = (
				09BFF71A2088DDB2000CAC87 /* Debug */,
				09BFF71B2088DDB2000CAC87 /* Release */,
			);
			defaultConfigurationIsVisible = 0;
			defaultConfigurationName = Release;
		};
		09BFF71C2088DDB2000CAC87 /* Build configuration list for PBXNativeTarget "table-mealTests" */ = {
			isa = XCConfigurationList;
			buildConfigurations = (
				09BFF71D2088DDB2000CAC87 /* Debug */,
				09BFF71E2088DDB2000CAC87 /* Release */,
			);
			defaultConfigurationIsVisible = 0;
			defaultConfigurationName = Release;
		};
		09BFF71F2088DDB2000CAC87 /* Build configuration list for PBXNativeTarget "table-mealUITests" */ = {
			isa = XCConfigurationList;
			buildConfigurations = (
				09BFF7202088DDB2000CAC87 /* Debug */,
				09BFF7212088DDB2000CAC87 /* Release */,
			);
			defaultConfigurationIsVisible = 0;
			defaultConfigurationName = Release;
		};
/* End XCConfigurationList section */
	};
	rootObject = 09BFF6E92088DD8C000CAC87 /* Project object */;
}
