
Microsoft Visual Studio Solution File, Format Version 12.00
# Visual Studio Version 16
VisualStudioVersion = 16.0.29102.190
MinimumVisualStudioVersion = 10.0.40219.1
Project("{8BC9CEB8-8B4A-11D0-8D11-00A0C91BC942}") = "Udemy_Multiple_Process_In_Depth", "Udemy_Multiple_Process_In_Depth\Udemy_Multiple_Process_In_Depth.vcxproj", "{60CDC429-D525-4026-9B6E-78F3FA1F190C}"
EndProject
Global
	GlobalSection(SolutionConfigurationPlatforms) = preSolution
		Debug|x64 = Debug|x64
		Debug|x86 = Debug|x86
		Release|x64 = Release|x64
		Release|x86 = Release|x86
	EndGlobalSection
	GlobalSection(ProjectConfigurationPlatforms) = postSolution
		{60CDC429-D525-4026-9B6E-78F3FA1F190C}.Debug|x64.ActiveCfg = Debug|x64
		{60CDC429-D525-4026-9B6E-78F3FA1F190C}.Debug|x64.Build.0 = Debug|x64
		{60CDC429-D525-4026-9B6E-78F3FA1F190C}.Debug|x86.ActiveCfg = Debug|Win32
		{60CDC429-D525-4026-9B6E-78F3FA1F190C}.Debug|x86.Build.0 = Debug|Win32
		{60CDC429-D525-4026-9B6E-78F3FA1F190C}.Release|x64.ActiveCfg = Release|x64
		{60CDC429-D525-4026-9B6E-78F3FA1F190C}.Release|x64.Build.0 = Release|x64
		{60CDC429-D525-4026-9B6E-78F3FA1F190C}.Release|x86.ActiveCfg = Release|Win32
		{60CDC429-D525-4026-9B6E-78F3FA1F190C}.Release|x86.Build.0 = Release|Win32
	EndGlobalSection
	GlobalSection(SolutionProperties) = preSolution
		HideSolutionNode = FALSE
	EndGlobalSection
	GlobalSection(ExtensibilityGlobals) = postSolution
		SolutionGuid = {0AD6F3B8-1C64-4460-A66B-77CA14F2F19E}
	EndGlobalSection
EndGlobal
