// !$*UTF8*$!
{
	archiveVersion = 1;
	classes = {
	};
	objectVersion = 46;
	objects = {

/* Begin PBXBuildFile section */
		CDB57F181D78595E001FF3DC /* main.cpp in Sources */ = {isa = PBXBuildFile; fileRef = CDB57F171D78595E001FF3DC /* main.cpp */; };
/* End PBXBuildFile section */

/* Begin PBXCopyFilesBuildPhase section */
		CDB57F121D78595E001FF3DC /* CopyFiles */ = {
			isa = PBXCopyFilesBuildPhase;
			buildActionMask = 2147483647;
			dstPath = /usr/share/man/man1/;
			dstSubfolderSpec = 0;
			files = (
			);
			runOnlyForDeploymentPostprocessing = 1;
		};
/* End PBXCopyFilesBuildPhase section */

/* Begin PBXFileReference section */
		CDB57F141D78595E001FF3DC /* FreeStoreVsHeap */ = {isa = PBXFileReference; explicitFileType = "compiled.mach-o.executable"; includeInIndex = 0; path = FreeStoreVsHeap; sourceTree = BUILT_PRODUCTS_DIR; };
		CDB57F171D78595E001FF3DC /* main.cpp */ = {isa = PBXFileReference; lastKnownFileType = sourcecode.cpp.cpp; path = main.cpp; sourceTree = "<group>"; };
		CDB57F1E1D785971001FF3DC /* JarJar.h */ = {isa = PBXFileReference; lastKnownFileType = sourcecode.c.h; path = JarJar.h; sourceTree = "<group>"; };
/* End PBXFileReference section */

/* Begin PBXFrameworksBuildPhase section */
		CDB57F111D78595E001FF3DC /* Frameworks */ = {
			isa = PBXFrameworksBuildPhase;
			buildActionMask = 2147483647;
			files = (
			);
			runOnlyForDeploymentPostprocessing = 0;
		};
/* End PBXFrameworksBuildPhase section */

/* Begin PBXGroup section */
		CDB57F0B1D78595E001FF3DC = {
			isa = PBXGroup;
			children = (
				CDB57F161D78595E001FF3DC /* FreeStoreVsHeap */,
				CDB57F151D78595E001FF3DC /* Products */,
			);
			sourceTree = "<group>";
		};
		CDB57F151D78595E001FF3DC /* Products */ = {
			isa = PBXGroup;
			children = (
				CDB57F141D78595E001FF3DC /* FreeStoreVsHeap */,
			);
			name = Products;
			sourceTree = "<group>";
		};
		CDB57F161D78595E001FF3DC /* FreeStoreVsHeap */ = {
			isa = PBXGroup;
			children = (
				CDB57F171D78595E001FF3DC /* main.cpp */,
				CDB57F1E1D785971001FF3DC /* JarJar.h */,
			);
			path = FreeStoreVsHeap;
			sourceTree = "<group>";
		};
/* End PBXGroup section */

/* Begin PBXNativeTarget section */
		CDB57F131D78595E001FF3DC /* FreeStoreVsHeap */ = {
			isa = PBXNativeTarget;
			buildConfigurationList = CDB57F1B1D78595E001FF3DC /* Build configuration list for PBXNativeTarget "FreeStoreVsHeap" */;
			buildPhases = (
				CDB57F101D78595E001FF3DC /* Sources */,
				CDB57F111D78595E001FF3DC /* Frameworks */,
				CDB57F121D78595E001FF3DC /* CopyFiles */,
			);
			buildRules = (
			);
			dependencies = (
			);
			name = FreeStoreVsHeap;
			productName = FreeStoreVsHeap;
			productReference = CDB57F141D78595E001FF3DC /* FreeStoreVsHeap */;
			productType = "com.apple.product-type.tool";
		};
/* End PBXNativeTarget section */

/* Begin PBXProject section */
		CDB57F0C1D78595E001FF3DC /* Project object */ = {
			isa = PBXProject;
			attributes = {
				LastUpgradeCheck = 0730;
				ORGANIZATIONNAME = "Mattias Johansson";
				TargetAttributes = {
					CDB57F131D78595E001FF3DC = {
						CreatedOnToolsVersion = 7.3.1;
					};
				};
			};
			buildConfigurationList = CDB57F0F1D78595E001FF3DC /* Build configuration list for PBXProject "FreeStoreVsHeap" */;
			compatibilityVersion = "Xcode 3.2";
			developmentRegion = English;
			hasScannedForEncodings = 0;
			knownRegions = (
				en,
			);
			mainGroup = CDB57F0B1D78595E001FF3DC;
			productRefGroup = CDB57F151D78595E001FF3DC /* Products */;
			projectDirPath = "";
			projectRoot = "";
			targets = (
				CDB57F131D78595E001FF3DC /* FreeStoreVsHeap */,
			);
		};
/* End PBXProject section */

/* Begin PBXSourcesBuildPhase section */
		CDB57F101D78595E001FF3DC /* Sources */ = {
			isa = PBXSourcesBuildPhase;
			buildActionMask = 2147483647;
			files = (
				CDB57F181D78595E001FF3DC /* main.cpp in Sources */,
			);
			runOnlyForDeploymentPostprocessing = 0;
		};
/* End PBXSourcesBuildPhase section */

/* Begin XCBuildConfiguration section */
		CDB57F191D78595E001FF3DC /* Debug */ = {
			isa = XCBuildConfiguration;
			buildSettings = {
				ALWAYS_SEARCH_USER_PATHS = NO;
				CLANG_ANALYZER_NONNULL = YES;
				CLANG_CXX_LANGUAGE_STANDARD = "gnu++0x";
				CLANG_CXX_LIBRARY = "libc++";
				CLANG_ENABLE_MODULES = YES;
				CLANG_ENABLE_OBJC_ARC = YES;
				CLANG_WARN_BOOL_CONVERSION = YES;
				CLANG_WARN_CONSTANT_CONVERSION = YES;
				CLANG_WARN_DIRECT_OBJC_ISA_USAGE = YES_ERROR;
				CLANG_WARN_EMPTY_BODY = YES;
				CLANG_WARN_ENUM_CONVERSION = YES;
				CLANG_WARN_INT_CONVERSION = YES;
				CLANG_WARN_OBJC_ROOT_CLASS = YES_ERROR;
				CLANG_WARN_UNREACHABLE_CODE = YES;
				CLANG_WARN__DUPLICATE_METHOD_MATCH = YES;
				CODE_SIGN_IDENTITY = "-";
				COPY_PHASE_STRIP = NO;
				DEBUG_INFORMATION_FORMAT = dwarf;
				ENABLE_STRICT_OBJC_MSGSEND = YES;
				ENABLE_TESTABILITY = YES;
				GCC_C_LANGUAGE_STANDARD = gnu99;
				GCC_DYNAMIC_NO_PIC = NO;
				GCC_NO_COMMON_BLOCKS = YES;
				GCC_OPTIMIZATION_LEVEL = 0;
				GCC_PREPROCESSOR_DEFINITIONS = (
					"DEBUG=1",
					"$(inherited)",
				);
				GCC_WARN_64_TO_32_BIT_CONVERSION = YES;
				GCC_WARN_ABOUT_RETURN_TYPE = YES_ERROR;
				GCC_WARN_UNDECLARED_SELECTOR = YES;
				GCC_WARN_UNINITIALIZED_AUTOS = YES_AGGRESSIVE;
				GCC_WARN_UNUSED_FUNCTION = YES;
				GCC_WARN_UNUSED_VARIABLE = YES;
				MACOSX_DEPLOYMENT_TARGET = 10.11;
				MTL_ENABLE_DEBUG_INFO = YES;
				ONLY_ACTIVE_ARCH = YES;
				SDKROOT = macosx;
			};
			name = Debug;
		};
		CDB57F1A1D78595E001FF3DC /* Release */ = {
			isa = XCBuildConfiguration;
			buildSettings = {
				ALWAYS_SEARCH_USER_PATHS = NO;
				CLANG_ANALYZER_NONNULL = YES;
				CLANG_CXX_LANGUAGE_STANDARD = "gnu++0x";
				CLANG_CXX_LIBRARY = "libc++";
				CLANG_ENABLE_MODULES = YES;
				CLANG_ENABLE_OBJC_ARC = YES;
				CLANG_WARN_BOOL_CONVERSION = YES;
				CLANG_WARN_CONSTANT_CONVERSION = YES;
				CLANG_WARN_DIRECT_OBJC_ISA_USAGE = YES_ERROR;
				CLANG_WARN_EMPTY_BODY = YES;
				CLANG_WARN_ENUM_CONVERSION = YES;
				CLANG_WARN_INT_CONVERSION = YES;
				CLANG_WARN_OBJC_ROOT_CLASS = YES_ERROR;
				CLANG_WARN_UNREACHABLE_CODE = YES;
				CLANG_WARN__DUPLICATE_METHOD_MATCH = YES;
				CODE_SIGN_IDENTITY = "-";
				COPY_PHASE_STRIP = NO;
				DEBUG_INFORMATION_FORMAT = "dwarf-with-dsym";
				ENABLE_NS_ASSERTIONS = NO;
				ENABLE_STRICT_OBJC_MSGSEND = YES;
				GCC_C_LANGUAGE_STANDARD = gnu99;
				GCC_NO_COMMON_BLOCKS = YES;
				GCC_WARN_64_TO_32_BIT_CONVERSION = YES;
				GCC_WARN_ABOUT_RETURN_TYPE = YES_ERROR;
				GCC_WARN_UNDECLARED_SELECTOR = YES;
				GCC_WARN_UNINITIALIZED_AUTOS = YES_AGGRESSIVE;
				GCC_WARN_UNUSED_FUNCTION = YES;
				GCC_WARN_UNUSED_VARIABLE = YES;
				MACOSX_DEPLOYMENT_TARGET = 10.11;
				MTL_ENABLE_DEBUG_INFO = NO;
				SDKROOT = macosx;
			};
			name = Release;
		};
		CDB57F1C1D78595E001FF3DC /* Debug */ = {
			isa = XCBuildConfiguration;
			buildSettings = {
				PRODUCT_NAME = "$(TARGET_NAME)";
			};
			name = Debug;
		};
		CDB57F1D1D78595E001FF3DC /* Release */ = {
			isa = XCBuildConfiguration;
			buildSettings = {
				PRODUCT_NAME = "$(TARGET_NAME)";
			};
			name = Release;
		};
/* End XCBuildConfiguration section */

/* Begin XCConfigurationList section */
		CDB57F0F1D78595E001FF3DC /* Build configuration list for PBXProject "FreeStoreVsHeap" */ = {
			isa = XCConfigurationList;
			buildConfigurations = (
				CDB57F191D78595E001FF3DC /* Debug */,
				CDB57F1A1D78595E001FF3DC /* Release */,
			);
			defaultConfigurationIsVisible = 0;
			defaultConfigurationName = Release;
		};
		CDB57F1B1D78595E001FF3DC /* Build configuration list for PBXNativeTarget "FreeStoreVsHeap" */ = {
			isa = XCConfigurationList;
			buildConfigurations = (
				CDB57F1C1D78595E001FF3DC /* Debug */,
				CDB57F1D1D78595E001FF3DC /* Release */,
			);
			defaultConfigurationIsVisible = 0;
		};
/* End XCConfigurationList section */
	};
	rootObject = CDB57F0C1D78595E001FF3DC /* Project object */;
}
